
Microsoft Visual Studio Solution File, Format Version 12.00
# Visual Studio Version 17
VisualStudioVersion = 17.10.35027.167
MinimumVisualStudioVersion = 10.0.40219.1
Project("{FAE04EC0-301F-11D3-BF4B-00C04F79EFBC}") = "Prime.App", "Prime.App\Prime.App.csproj", "{486072AF-EF3B-4964-B7C5-D0B7795750B5}"
EndProject
Global
	GlobalSection(SolutionConfigurationPlatforms) = preSolution
		Debug|Any CPU = Debug|Any CPU
		Release|Any CPU = Release|Any CPU
	EndGlobalSection
	GlobalSection(ProjectConfigurationPlatforms) = postSolution
		{486072AF-EF3B-4964-B7C5-D0B7795750B5}.Debug|Any CPU.ActiveCfg = Debug|Any CPU
		{486072AF-EF3B-4964-B7C5-D0B7795750B5}.Debug|Any CPU.Build.0 = Debug|Any CPU
		{486072AF-EF3B-4964-B7C5-D0B7795750B5}.Release|Any CPU.ActiveCfg = Release|Any CPU
		{486072AF-EF3B-4964-B7C5-D0B7795750B5}.Release|Any CPU.Build.0 = Release|Any CPU
	EndGlobalSection
	GlobalSection(SolutionProperties) = preSolution
		HideSolutionNode = FALSE
	EndGlobalSection
	GlobalSection(ExtensibilityGlobals) = postSolution
		SolutionGuid = {006D6727-C7AC-4D9E-8B54-CE3011D8BC81}
	EndGlobalSection
EndGlobal
